
Microsoft Visual Studio Solution File, Format Version 12.00
Project("{FAE04EC0-301F-11D3-BF4B-00C04F79EFBC}") = "APBDcz3", "APBDcz3\APBDcz3.csproj", "{9027A399-CC8D-4EE5-AD6D-C05CF6EE141C}"
EndProject
Global
	GlobalSection(SolutionConfigurationPlatforms) = preSolution
		Debug|Any CPU = Debug|Any CPU
		Release|Any CPU = Release|Any CPU
	EndGlobalSection
	GlobalSection(ProjectConfigurationPlatforms) = postSolution
		{9027A399-CC8D-4EE5-AD6D-C05CF6EE141C}.Debug|Any CPU.ActiveCfg = Debug|Any CPU
		{9027A399-CC8D-4EE5-AD6D-C05CF6EE141C}.Debug|Any CPU.Build.0 = Debug|Any CPU
		{9027A399-CC8D-4EE5-AD6D-C05CF6EE141C}.Release|Any CPU.ActiveCfg = Release|Any CPU
		{9027A399-CC8D-4EE5-AD6D-C05CF6EE141C}.Release|Any CPU.Build.0 = Release|Any CPU
	EndGlobalSection
EndGlobal
